// !$*UTF8*$!
{
	archiveVersion = 1;
	classes = {
	};
	objectVersion = 46;
	objects = {

/* Begin PBXBuildFile section */
		03C709F61B24205A00609F81 /* Version.framework in Frameworks */ = {isa = PBXBuildFile; fileRef = 03C709DF1B24205A00609F81 /* Version.framework */; };
		03C709F71B24205A00609F81 /* Version.framework in Embed Frameworks */ = {isa = PBXBuildFile; fileRef = 03C709DF1B24205A00609F81 /* Version.framework */; settings = {ATTRIBUTES = (CodeSignOnCopy, RemoveHeadersOnCopy, ); }; };
		03C70A021B24209D00609F81 /* StaticVersion.swift in Sources */ = {isa = PBXBuildFile; fileRef = 03C709FF1B24209D00609F81 /* StaticVersion.swift */; };
		03C70A031B24209D00609F81 /* Versions.h in Headers */ = {isa = PBXBuildFile; fileRef = 03C70A001B24209D00609F81 /* Versions.h */; };
		03C70A041B24209D00609F81 /* Versions.swift in Sources */ = {isa = PBXBuildFile; fileRef = 03C70A011B24209D00609F81 /* Versions.swift */; };
		03C70A531B24216B00609F81 /* StaticVersion.swift in Sources */ = {isa = PBXBuildFile; fileRef = 03C709FF1B24209D00609F81 /* StaticVersion.swift */; };
		03C70A541B24216B00609F81 /* Versions.h in Headers */ = {isa = PBXBuildFile; fileRef = 03C70A001B24209D00609F81 /* Versions.h */; };
		03C70A551B24216B00609F81 /* Versions.swift in Sources */ = {isa = PBXBuildFile; fileRef = 03C70A011B24209D00609F81 /* Versions.swift */; };
		03C70A5A1B2421B000609F81 /* StaticVersion_Test.swift in Sources */ = {isa = PBXBuildFile; fileRef = 03C70A561B2421B000609F81 /* StaticVersion_Test.swift */; };
		03C70A5B1B2421B000609F81 /* Versions_Tests.swift in Sources */ = {isa = PBXBuildFile; fileRef = 03C70A571B2421B000609F81 /* Versions_Tests.swift */; };
		03C70A5C1B2421B000609F81 /* VersionsDemoTests.swift in Sources */ = {isa = PBXBuildFile; fileRef = 03C70A581B2421B000609F81 /* VersionsDemoTests.swift */; };
		BD87D1A51B0CD38A00244049 /* AppDelegate.swift in Sources */ = {isa = PBXBuildFile; fileRef = BD87D1A41B0CD38A00244049 /* AppDelegate.swift */; };
		BD87D1AA1B0CD38A00244049 /* ViewController.swift in Sources */ = {isa = PBXBuildFile; fileRef = BD87D1A91B0CD38A00244049 /* ViewController.swift */; };
		BD87D1AD1B0CD38A00244049 /* Main.storyboard in Resources */ = {isa = PBXBuildFile; fileRef = BD87D1AB1B0CD38A00244049 /* Main.storyboard */; };
		BD87D1AF1B0CD38A00244049 /* Images.xcassets in Resources */ = {isa = PBXBuildFile; fileRef = BD87D1AE1B0CD38A00244049 /* Images.xcassets */; };
		BD87D1B21B0CD38A00244049 /* LaunchScreen.xib in Resources */ = {isa = PBXBuildFile; fileRef = BD87D1B01B0CD38A00244049 /* LaunchScreen.xib */; };
/* End PBXBuildFile section */

/* Begin PBXContainerItemProxy section */
		03C709F41B24205A00609F81 /* PBXContainerItemProxy */ = {
			isa = PBXContainerItemProxy;
			containerPortal = BDD8224D1AA45FDD00E48CEF /* Project object */;
			proxyType = 1;
			remoteGlobalIDString = 03C709DE1B24205A00609F81;
			remoteInfo = Versions;
		};
		BD87D1B81B0CD38B00244049 /* PBXContainerItemProxy */ = {
			isa = PBXContainerItemProxy;
			containerPortal = BDD8224D1AA45FDD00E48CEF /* Project object */;
			proxyType = 1;
			remoteGlobalIDString = BD87D19F1B0CD38A00244049;
			remoteInfo = VersionsDemo;
		};
/* End PBXContainerItemProxy section */

/* Begin PBXCopyFilesBuildPhase section */
		03C709FD1B24205A00609F81 /* Embed Frameworks */ = {
			isa = PBXCopyFilesBuildPhase;
			buildActionMask = 2147483647;
			dstPath = "";
			dstSubfolderSpec = 10;
			files = (
				03C709F71B24205A00609F81 /* Version.framework in Embed Frameworks */,
			);
			name = "Embed Frameworks";
			runOnlyForDeploymentPostprocessing = 0;
		};
/* End PBXCopyFilesBuildPhase section */

/* Begin PBXFileReference section */
		03C709DF1B24205A00609F81 /* Version.framework */ = {isa = PBXFileReference; explicitFileType = wrapper.framework; includeInIndex = 0; path = Version.framework; sourceTree = BUILT_PRODUCTS_DIR; };
		03C709E21B24205A00609F81 /* Info.plist */ = {isa = PBXFileReference; lastKnownFileType = text.plist.xml; path = Info.plist; sourceTree = "<group>"; };
		03C709FF1B24209D00609F81 /* StaticVersion.swift */ = {isa = PBXFileReference; fileEncoding = 4; lastKnownFileType = sourcecode.swift; path = StaticVersion.swift; sourceTree = "<group>"; };
		03C70A001B24209D00609F81 /* Versions.h */ = {isa = PBXFileReference; fileEncoding = 4; lastKnownFileType = sourcecode.c.h; path = Versions.h; sourceTree = "<group>"; };
		03C70A011B24209D00609F81 /* Versions.swift */ = {isa = PBXFileReference; fileEncoding = 4; lastKnownFileType = sourcecode.swift; path = Versions.swift; sourceTree = "<group>"; };
		03C70A341B24210C00609F81 /* Version.framework */ = {isa = PBXFileReference; explicitFileType = wrapper.framework; includeInIndex = 0; path = Version.framework; sourceTree = BUILT_PRODUCTS_DIR; };
		03C70A561B2421B000609F81 /* StaticVersion_Test.swift */ = {isa = PBXFileReference; fileEncoding = 4; lastKnownFileType = sourcecode.swift; path = StaticVersion_Test.swift; sourceTree = "<group>"; };
		03C70A571B2421B000609F81 /* Versions_Tests.swift */ = {isa = PBXFileReference; fileEncoding = 4; lastKnownFileType = sourcecode.swift; path = Versions_Tests.swift; sourceTree = "<group>"; };
		03C70A581B2421B000609F81 /* VersionsDemoTests.swift */ = {isa = PBXFileReference; fileEncoding = 4; lastKnownFileType = sourcecode.swift; path = VersionsDemoTests.swift; sourceTree = "<group>"; };
		BD87D1A01B0CD38A00244049 /* VersionsDemo.app */ = {isa = PBXFileReference; explicitFileType = wrapper.application; includeInIndex = 0; path = VersionsDemo.app; sourceTree = BUILT_PRODUCTS_DIR; };
		BD87D1A31B0CD38A00244049 /* Info.plist */ = {isa = PBXFileReference; lastKnownFileType = text.plist.xml; path = Info.plist; sourceTree = "<group>"; };
		BD87D1A41B0CD38A00244049 /* AppDelegate.swift */ = {isa = PBXFileReference; lastKnownFileType = sourcecode.swift; path = AppDelegate.swift; sourceTree = "<group>"; };
		BD87D1A91B0CD38A00244049 /* ViewController.swift */ = {isa = PBXFileReference; lastKnownFileType = sourcecode.swift; path = ViewController.swift; sourceTree = "<group>"; };
		BD87D1AC1B0CD38A00244049 /* Base */ = {isa = PBXFileReference; lastKnownFileType = file.storyboard; name = Base; path = Base.lproj/Main.storyboard; sourceTree = "<group>"; };
		BD87D1AE1B0CD38A00244049 /* Images.xcassets */ = {isa = PBXFileReference; lastKnownFileType = folder.assetcatalog; path = Images.xcassets; sourceTree = "<group>"; };
		BD87D1B11B0CD38A00244049 /* Base */ = {isa = PBXFileReference; lastKnownFileType = file.xib; name = Base; path = Base.lproj/LaunchScreen.xib; sourceTree = "<group>"; };
		BD87D1B71B0CD38B00244049 /* VersionsDemoTests.xctest */ = {isa = PBXFileReference; explicitFileType = wrapper.cfbundle; includeInIndex = 0; path = VersionsDemoTests.xctest; sourceTree = BUILT_PRODUCTS_DIR; };
		BD87D1BC1B0CD38B00244049 /* Info.plist */ = {isa = PBXFileReference; lastKnownFileType = text.plist.xml; path = Info.plist; sourceTree = "<group>"; };
		BDD822611AA4608500E48CEF /* Versions.podspec */ = {isa = PBXFileReference; fileEncoding = 4; lastKnownFileType = text; path = Versions.podspec; sourceTree = "<group>"; };
		BDD822621AA4608500E48CEF /* LICENSE.md */ = {isa = PBXFileReference; fileEncoding = 4; lastKnownFileType = net.daringfireball.markdown; path = LICENSE.md; sourceTree = "<group>"; };
		BDD822631AA4608500E48CEF /* README.md */ = {isa = PBXFileReference; fileEncoding = 4; lastKnownFileType = net.daringfireball.markdown; path = README.md; sourceTree = "<group>"; };
/* End PBXFileReference section */

/* Begin PBXFrameworksBuildPhase section */
		03C709DB1B24205A00609F81 /* Frameworks */ = {
			isa = PBXFrameworksBuildPhase;
			buildActionMask = 2147483647;
			files = (
			);
			runOnlyForDeploymentPostprocessing = 0;
		};
		03C70A301B24210C00609F81 /* Frameworks */ = {
			isa = PBXFrameworksBuildPhase;
			buildActionMask = 2147483647;
			files = (
			);
			runOnlyForDeploymentPostprocessing = 0;
		};
		BD87D19D1B0CD38A00244049 /* Frameworks */ = {
			isa = PBXFrameworksBuildPhase;
			buildActionMask = 2147483647;
			files = (
				03C709F61B24205A00609F81 /* Version.framework in Frameworks */,
			);
			runOnlyForDeploymentPostprocessing = 0;
		};
		BD87D1B41B0CD38B00244049 /* Frameworks */ = {
			isa = PBXFrameworksBuildPhase;
			buildActionMask = 2147483647;
			files = (
			);
			runOnlyForDeploymentPostprocessing = 0;
		};
/* End PBXFrameworksBuildPhase section */

/* Begin PBXGroup section */
		03C709E01B24205A00609F81 /* Versions */ = {
			isa = PBXGroup;
			children = (
				03C70A001B24209D00609F81 /* Versions.h */,
				03C709FF1B24209D00609F81 /* StaticVersion.swift */,
				03C70A011B24209D00609F81 /* Versions.swift */,
				03C709E11B24205A00609F81 /* Supporting Files */,
			);
			path = Versions;
			sourceTree = "<group>";
		};
		03C709E11B24205A00609F81 /* Supporting Files */ = {
			isa = PBXGroup;
			children = (
				03C709E21B24205A00609F81 /* Info.plist */,
			);
			name = "Supporting Files";
			sourceTree = "<group>";
		};
		BD87D1A11B0CD38A00244049 /* VersionsDemo */ = {
			isa = PBXGroup;
			children = (
				BD87D1A41B0CD38A00244049 /* AppDelegate.swift */,
				BD87D1A91B0CD38A00244049 /* ViewController.swift */,
				BD87D1AB1B0CD38A00244049 /* Main.storyboard */,
				BD87D1AE1B0CD38A00244049 /* Images.xcassets */,
				BD87D1B01B0CD38A00244049 /* LaunchScreen.xib */,
				BD87D1A21B0CD38A00244049 /* Supporting Files */,
			);
			path = VersionsDemo;
			sourceTree = "<group>";
		};
		BD87D1A21B0CD38A00244049 /* Supporting Files */ = {
			isa = PBXGroup;
			children = (
				BD87D1A31B0CD38A00244049 /* Info.plist */,
			);
			name = "Supporting Files";
			sourceTree = "<group>";
		};
		BD87D1BA1B0CD38B00244049 /* VersionsDemoTests */ = {
			isa = PBXGroup;
			children = (
				03C70A561B2421B000609F81 /* StaticVersion_Test.swift */,
				03C70A571B2421B000609F81 /* Versions_Tests.swift */,
				03C70A581B2421B000609F81 /* VersionsDemoTests.swift */,
				BD87D1BB1B0CD38B00244049 /* Supporting Files */,
			);
			path = VersionsDemoTests;
			sourceTree = "<group>";
		};
		BD87D1BB1B0CD38B00244049 /* Supporting Files */ = {
			isa = PBXGroup;
			children = (
				BD87D1BC1B0CD38B00244049 /* Info.plist */,
			);
			name = "Supporting Files";
			sourceTree = "<group>";
		};
		BDD8224C1AA45FDD00E48CEF = {
			isa = PBXGroup;
			children = (
				BD87D1A11B0CD38A00244049 /* VersionsDemo */,
				BD87D1BA1B0CD38B00244049 /* VersionsDemoTests */,
				03C709E01B24205A00609F81 /* Versions */,
				BDD822581AA4608000E48CEF /* Products */,
				BDD822611AA4608500E48CEF /* Versions.podspec */,
				BDD822621AA4608500E48CEF /* LICENSE.md */,
				BDD822631AA4608500E48CEF /* README.md */,
			);
			indentWidth = 2;
			sourceTree = "<group>";
			tabWidth = 2;
		};
		BDD822581AA4608000E48CEF /* Products */ = {
			isa = PBXGroup;
			children = (
				BD87D1A01B0CD38A00244049 /* VersionsDemo.app */,
				BD87D1B71B0CD38B00244049 /* VersionsDemoTests.xctest */,
				03C709DF1B24205A00609F81 /* Version.framework */,
				03C70A341B24210C00609F81 /* Version.framework */,
			);
			name = Products;
			sourceTree = "<group>";
		};
/* End PBXGroup section */

/* Begin PBXHeadersBuildPhase section */
		03C709DC1B24205A00609F81 /* Headers */ = {
			isa = PBXHeadersBuildPhase;
			buildActionMask = 2147483647;
			files = (
				03C70A031B24209D00609F81 /* Versions.h in Headers */,
			);
			runOnlyForDeploymentPostprocessing = 0;
		};
		03C70A311B24210C00609F81 /* Headers */ = {
			isa = PBXHeadersBuildPhase;
			buildActionMask = 2147483647;
			files = (
				03C70A541B24216B00609F81 /* Versions.h in Headers */,
			);
			runOnlyForDeploymentPostprocessing = 0;
		};
/* End PBXHeadersBuildPhase section */

/* Begin PBXNativeTarget section */
		03C709DE1B24205A00609F81 /* Versions-iOS */ = {
			isa = PBXNativeTarget;
			buildConfigurationList = 03C709FC1B24205A00609F81 /* Build configuration list for PBXNativeTarget "Versions-iOS" */;
			buildPhases = (
				03C709DA1B24205A00609F81 /* Sources */,
				03C709DB1B24205A00609F81 /* Frameworks */,
				03C709DC1B24205A00609F81 /* Headers */,
				03C709DD1B24205A00609F81 /* Resources */,
			);
			buildRules = (
			);
			dependencies = (
			);
			name = "Versions-iOS";
			productName = Versions;
			productReference = 03C709DF1B24205A00609F81 /* Version.framework */;
			productType = "com.apple.product-type.framework";
		};
		03C70A331B24210C00609F81 /* Versions-OSX */ = {
			isa = PBXNativeTarget;
			buildConfigurationList = 03C70A4D1B24210C00609F81 /* Build configuration list for PBXNativeTarget "Versions-OSX" */;
			buildPhases = (
				03C70A2F1B24210C00609F81 /* Sources */,
				03C70A301B24210C00609F81 /* Frameworks */,
				03C70A311B24210C00609F81 /* Headers */,
				03C70A321B24210C00609F81 /* Resources */,
			);
			buildRules = (
			);
			dependencies = (
			);
			name = "Versions-OSX";
			productName = "Versions-OSX";
			productReference = 03C70A341B24210C00609F81 /* Version.framework */;
			productType = "com.apple.product-type.framework";
		};
		BD87D19F1B0CD38A00244049 /* VersionsDemo */ = {
			isa = PBXNativeTarget;
			buildConfigurationList = BD87D1C31B0CD38B00244049 /* Build configuration list for PBXNativeTarget "VersionsDemo" */;
			buildPhases = (
				BD87D19C1B0CD38A00244049 /* Sources */,
				BD87D19D1B0CD38A00244049 /* Frameworks */,
				BD87D19E1B0CD38A00244049 /* Resources */,
				03C709FD1B24205A00609F81 /* Embed Frameworks */,
			);
			buildRules = (
			);
			dependencies = (
				03C709F51B24205A00609F81 /* PBXTargetDependency */,
			);
			name = VersionsDemo;
			productName = VersionsDemo;
			productReference = BD87D1A01B0CD38A00244049 /* VersionsDemo.app */;
			productType = "com.apple.product-type.application";
		};
		BD87D1B61B0CD38B00244049 /* VersionsDemoTests */ = {
			isa = PBXNativeTarget;
			buildConfigurationList = BD87D1C41B0CD38B00244049 /* Build configuration list for PBXNativeTarget "VersionsDemoTests" */;
			buildPhases = (
				BD87D1B31B0CD38B00244049 /* Sources */,
				BD87D1B41B0CD38B00244049 /* Frameworks */,
				BD87D1B51B0CD38B00244049 /* Resources */,
			);
			buildRules = (
			);
			dependencies = (
				BD87D1B91B0CD38B00244049 /* PBXTargetDependency */,
			);
			name = VersionsDemoTests;
			productName = VersionsDemoTests;
			productReference = BD87D1B71B0CD38B00244049 /* VersionsDemoTests.xctest */;
			productType = "com.apple.product-type.bundle.unit-test";
		};
/* End PBXNativeTarget section */

/* Begin PBXProject section */
		BDD8224D1AA45FDD00E48CEF /* Project object */ = {
			isa = PBXProject;
			attributes = {
				LastSwiftUpdateCheck = 0700;
				LastUpgradeCheck = 1100;
				TargetAttributes = {
					03C709DE1B24205A00609F81 = {
						CreatedOnToolsVersion = 6.3.2;
						LastSwiftMigration = 0800;
					};
					03C70A331B24210C00609F81 = {
						CreatedOnToolsVersion = 6.3.2;
					};
					BD87D19F1B0CD38A00244049 = {
						CreatedOnToolsVersion = 6.3.2;
						LastSwiftMigration = 0800;
					};
					BD87D1B61B0CD38B00244049 = {
						CreatedOnToolsVersion = 6.3.2;
						LastSwiftMigration = 0800;
						TestTargetID = BD87D19F1B0CD38A00244049;
					};
				};
			};
			buildConfigurationList = BDD822501AA45FDD00E48CEF /* Build configuration list for PBXProject "Versions" */;
			compatibilityVersion = "Xcode 3.2";
			developmentRegion = en;
			hasScannedForEncodings = 0;
			knownRegions = (
				en,
				Base,
			);
			mainGroup = BDD8224C1AA45FDD00E48CEF;
			productRefGroup = BDD822581AA4608000E48CEF /* Products */;
			projectDirPath = "";
			projectRoot = "";
			targets = (
				03C709DE1B24205A00609F81 /* Versions-iOS */,
				03C70A331B24210C00609F81 /* Versions-OSX */,
				BD87D19F1B0CD38A00244049 /* VersionsDemo */,
				BD87D1B61B0CD38B00244049 /* VersionsDemoTests */,
			);
		};
/* End PBXProject section */

/* Begin PBXResourcesBuildPhase section */
		03C709DD1B24205A00609F81 /* Resources */ = {
			isa = PBXResourcesBuildPhase;
			buildActionMask = 2147483647;
			files = (
			);
			runOnlyForDeploymentPostprocessing = 0;
		};
		03C70A321B24210C00609F81 /* Resources */ = {
			isa = PBXResourcesBuildPhase;
			buildActionMask = 2147483647;
			files = (
			);
			runOnlyForDeploymentPostprocessing = 0;
		};
		BD87D19E1B0CD38A00244049 /* Resources */ = {
			isa = PBXResourcesBuildPhase;
			buildActionMask = 2147483647;
			files = (
				BD87D1AD1B0CD38A00244049 /* Main.storyboard in Resources */,
				BD87D1B21B0CD38A00244049 /* LaunchScreen.xib in Resources */,
				BD87D1AF1B0CD38A00244049 /* Images.xcassets in Resources */,
			);
			runOnlyForDeploymentPostprocessing = 0;
		};
		BD87D1B51B0CD38B00244049 /* Resources */ = {
			isa = PBXResourcesBuildPhase;
			buildActionMask = 2147483647;
			files = (
			);
			runOnlyForDeploymentPostprocessing = 0;
		};
/* End PBXResourcesBuildPhase section */

/* Begin PBXSourcesBuildPhase section */
		03C709DA1B24205A00609F81 /* Sources */ = {
			isa = PBXSourcesBuildPhase;
			buildActionMask = 2147483647;
			files = (
				03C70A041B24209D00609F81 /* Versions.swift in Sources */,
				03C70A021B24209D00609F81 /* StaticVersion.swift in Sources */,
			);
			runOnlyForDeploymentPostprocessing = 0;
		};
		03C70A2F1B24210C00609F81 /* Sources */ = {
			isa = PBXSourcesBuildPhase;
			buildActionMask = 2147483647;
			files = (
				03C70A551B24216B00609F81 /* Versions.swift in Sources */,
				03C70A531B24216B00609F81 /* StaticVersion.swift in Sources */,
			);
			runOnlyForDeploymentPostprocessing = 0;
		};
		BD87D19C1B0CD38A00244049 /* Sources */ = {
			isa = PBXSourcesBuildPhase;
			buildActionMask = 2147483647;
			files = (
				BD87D1AA1B0CD38A00244049 /* ViewController.swift in Sources */,
				BD87D1A51B0CD38A00244049 /* AppDelegate.swift in Sources */,
			);
			runOnlyForDeploymentPostprocessing = 0;
		};
		BD87D1B31B0CD38B00244049 /* Sources */ = {
			isa = PBXSourcesBuildPhase;
			buildActionMask = 2147483647;
			files = (
				03C70A5B1B2421B000609F81 /* Versions_Tests.swift in Sources */,
				03C70A5A1B2421B000609F81 /* StaticVersion_Test.swift in Sources */,
				03C70A5C1B2421B000609F81 /* VersionsDemoTests.swift in Sources */,
			);
			runOnlyForDeploymentPostprocessing = 0;
		};
/* End PBXSourcesBuildPhase section */

/* Begin PBXTargetDependency section */
		03C709F51B24205A00609F81 /* PBXTargetDependency */ = {
			isa = PBXTargetDependency;
			target = 03C709DE1B24205A00609F81 /* Versions-iOS */;
			targetProxy = 03C709F41B24205A00609F81 /* PBXContainerItemProxy */;
		};
		BD87D1B91B0CD38B00244049 /* PBXTargetDependency */ = {
			isa = PBXTargetDependency;
			target = BD87D19F1B0CD38A00244049 /* VersionsDemo */;
			targetProxy = BD87D1B81B0CD38B00244049 /* PBXContainerItemProxy */;
		};
/* End PBXTargetDependency section */

/* Begin PBXVariantGroup section */
		BD87D1AB1B0CD38A00244049 /* Main.storyboard */ = {
			isa = PBXVariantGroup;
			children = (
				BD87D1AC1B0CD38A00244049 /* Base */,
			);
			name = Main.storyboard;
			sourceTree = "<group>";
		};
		BD87D1B01B0CD38A00244049 /* LaunchScreen.xib */ = {
			isa = PBXVariantGroup;
			children = (
				BD87D1B11B0CD38A00244049 /* Base */,
			);
			name = LaunchScreen.xib;
			sourceTree = "<group>";
		};
/* End PBXVariantGroup section */

/* Begin XCBuildConfiguration section */
		03C709F81B24205A00609F81 /* Debug */ = {
			isa = XCBuildConfiguration;
			buildSettings = {
				ALWAYS_SEARCH_USER_PATHS = NO;
				CLANG_CXX_LANGUAGE_STANDARD = "gnu++0x";
				CLANG_CXX_LIBRARY = "libc++";
				CLANG_ENABLE_MODULES = YES;
				CLANG_ENABLE_OBJC_ARC = YES;
				CLANG_WARN_BOOL_CONVERSION = YES;
				CLANG_WARN_CONSTANT_CONVERSION = YES;
				CLANG_WARN_DIRECT_OBJC_ISA_USAGE = YES_ERROR;
				CLANG_WARN_EMPTY_BODY = YES;
				CLANG_WARN_ENUM_CONVERSION = YES;
				CLANG_WARN_INT_CONVERSION = YES;
				CLANG_WARN_OBJC_ROOT_CLASS = YES_ERROR;
				CLANG_WARN_UNREACHABLE_CODE = YES;
				CLANG_WARN__DUPLICATE_METHOD_MATCH = YES;
				"CODE_SIGN_IDENTITY[sdk=iphoneos*]" = "iPhone Developer";
				COPY_PHASE_STRIP = NO;
				CURRENT_PROJECT_VERSION = 1;
				DEBUG_INFORMATION_FORMAT = "dwarf-with-dsym";
				DEFINES_MODULE = YES;
				DYLIB_COMPATIBILITY_VERSION = 1;
				DYLIB_CURRENT_VERSION = 1;
				DYLIB_INSTALL_NAME_BASE = "@rpath";
				ENABLE_STRICT_OBJC_MSGSEND = YES;
				GCC_C_LANGUAGE_STANDARD = gnu99;
				GCC_DYNAMIC_NO_PIC = NO;
				GCC_NO_COMMON_BLOCKS = YES;
				GCC_OPTIMIZATION_LEVEL = 0;
				GCC_PREPROCESSOR_DEFINITIONS = (
					"DEBUG=1",
					"$(inherited)",
				);
				GCC_SYMBOLS_PRIVATE_EXTERN = NO;
				GCC_WARN_64_TO_32_BIT_CONVERSION = YES;
				GCC_WARN_ABOUT_RETURN_TYPE = YES_ERROR;
				GCC_WARN_UNDECLARED_SELECTOR = YES;
				GCC_WARN_UNINITIALIZED_AUTOS = YES_AGGRESSIVE;
				GCC_WARN_UNUSED_FUNCTION = YES;
				GCC_WARN_UNUSED_VARIABLE = YES;
				INFOPLIST_FILE = Versions/Info.plist;
				INSTALL_PATH = "$(LOCAL_LIBRARY_DIR)/Frameworks";
				IPHONEOS_DEPLOYMENT_TARGET = 8.0;
				LD_RUNPATH_SEARCH_PATHS = "$(inherited) @executable_path/Frameworks @loader_path/Frameworks";
				MTL_ENABLE_DEBUG_INFO = YES;
				ONLY_ACTIVE_ARCH = YES;
				PRODUCT_BUNDLE_IDENTIFIER = "no.hyper.$(PRODUCT_NAME:rfc1034identifier)";
				PRODUCT_NAME = Version;
				SDKROOT = iphoneos;
				SKIP_INSTALL = YES;
				SWIFT_OPTIMIZATION_LEVEL = "-Onone";
				SWIFT_VERSION = 5.0;
				TARGETED_DEVICE_FAMILY = "1,2";
				VERSIONING_SYSTEM = "apple-generic";
				VERSION_INFO_PREFIX = "";
			};
			name = Debug;
		};
		03C709F91B24205A00609F81 /* Release */ = {
			isa = XCBuildConfiguration;
			buildSettings = {
				ALWAYS_SEARCH_USER_PATHS = NO;
				CLANG_CXX_LANGUAGE_STANDARD = "gnu++0x";
				CLANG_CXX_LIBRARY = "libc++";
				CLANG_ENABLE_MODULES = YES;
				CLANG_ENABLE_OBJC_ARC = YES;
				CLANG_WARN_BOOL_CONVERSION = YES;
				CLANG_WARN_CONSTANT_CONVERSION = YES;
				CLANG_WARN_DIRECT_OBJC_ISA_USAGE = YES_ERROR;
				CLANG_WARN_EMPTY_BODY = YES;
				CLANG_WARN_ENUM_CONVERSION = YES;
				CLANG_WARN_INT_CONVERSION = YES;
				CLANG_WARN_OBJC_ROOT_CLASS = YES_ERROR;
				CLANG_WARN_UNREACHABLE_CODE = YES;
				CLANG_WARN__DUPLICATE_METHOD_MATCH = YES;
				"CODE_SIGN_IDENTITY[sdk=iphoneos*]" = "iPhone Developer";
				COPY_PHASE_STRIP = NO;
				CURRENT_PROJECT_VERSION = 1;
				DEBUG_INFORMATION_FORMAT = "dwarf-with-dsym";
				DEFINES_MODULE = YES;
				DYLIB_COMPATIBILITY_VERSION = 1;
				DYLIB_CURRENT_VERSION = 1;
				DYLIB_INSTALL_NAME_BASE = "@rpath";
				ENABLE_NS_ASSERTIONS = NO;
				ENABLE_STRICT_OBJC_MSGSEND = YES;
				GCC_C_LANGUAGE_STANDARD = gnu99;
				GCC_NO_COMMON_BLOCKS = YES;
				GCC_WARN_64_TO_32_BIT_CONVERSION = YES;
				GCC_WARN_ABOUT_RETURN_TYPE = YES_ERROR;
				GCC_WARN_UNDECLARED_SELECTOR = YES;
				GCC_WARN_UNINITIALIZED_AUTOS = YES_AGGRESSIVE;
				GCC_WARN_UNUSED_FUNCTION = YES;
				GCC_WARN_UNUSED_VARIABLE = YES;
				INFOPLIST_FILE = Versions/Info.plist;
				INSTALL_PATH = "$(LOCAL_LIBRARY_DIR)/Frameworks";
				IPHONEOS_DEPLOYMENT_TARGET = 8.0;
				LD_RUNPATH_SEARCH_PATHS = "$(inherited) @executable_path/Frameworks @loader_path/Frameworks";
				MTL_ENABLE_DEBUG_INFO = NO;
				PRODUCT_BUNDLE_IDENTIFIER = "no.hyper.$(PRODUCT_NAME:rfc1034identifier)";
				PRODUCT_NAME = Version;
				SDKROOT = iphoneos;
				SKIP_INSTALL = YES;
				SWIFT_VERSION = 5.0;
				TARGETED_DEVICE_FAMILY = "1,2";
				VALIDATE_PRODUCT = YES;
				VERSIONING_SYSTEM = "apple-generic";
				VERSION_INFO_PREFIX = "";
			};
			name = Release;
		};
		03C70A4E1B24210C00609F81 /* Debug */ = {
			isa = XCBuildConfiguration;
			buildSettings = {
				ALWAYS_SEARCH_USER_PATHS = NO;
				CLANG_CXX_LANGUAGE_STANDARD = "gnu++0x";
				CLANG_CXX_LIBRARY = "libc++";
				CLANG_ENABLE_MODULES = YES;
				CLANG_ENABLE_OBJC_ARC = YES;
				CLANG_WARN_BOOL_CONVERSION = YES;
				CLANG_WARN_CONSTANT_CONVERSION = YES;
				CLANG_WARN_DIRECT_OBJC_ISA_USAGE = YES_ERROR;
				CLANG_WARN_EMPTY_BODY = YES;
				CLANG_WARN_ENUM_CONVERSION = YES;
				CLANG_WARN_INT_CONVERSION = YES;
				CLANG_WARN_OBJC_ROOT_CLASS = YES_ERROR;
				CLANG_WARN_UNREACHABLE_CODE = YES;
				CLANG_WARN__DUPLICATE_METHOD_MATCH = YES;
				COMBINE_HIDPI_IMAGES = YES;
				COPY_PHASE_STRIP = NO;
				CURRENT_PROJECT_VERSION = 1;
				DEBUG_INFORMATION_FORMAT = dwarf;
				DEFINES_MODULE = YES;
				DYLIB_COMPATIBILITY_VERSION = 1;
				DYLIB_CURRENT_VERSION = 1;
				DYLIB_INSTALL_NAME_BASE = "@rpath";
				ENABLE_STRICT_OBJC_MSGSEND = YES;
				FRAMEWORK_VERSION = A;
				GCC_C_LANGUAGE_STANDARD = gnu99;
				GCC_DYNAMIC_NO_PIC = NO;
				GCC_NO_COMMON_BLOCKS = YES;
				GCC_OPTIMIZATION_LEVEL = 0;
				GCC_PREPROCESSOR_DEFINITIONS = (
					"DEBUG=1",
					"$(inherited)",
				);
				GCC_SYMBOLS_PRIVATE_EXTERN = NO;
				GCC_WARN_64_TO_32_BIT_CONVERSION = YES;
				GCC_WARN_ABOUT_RETURN_TYPE = YES_ERROR;
				GCC_WARN_UNDECLARED_SELECTOR = YES;
				GCC_WARN_UNINITIALIZED_AUTOS = YES_AGGRESSIVE;
				GCC_WARN_UNUSED_FUNCTION = YES;
				GCC_WARN_UNUSED_VARIABLE = YES;
				INFOPLIST_FILE = Versions/Info.plist;
				INSTALL_PATH = "$(LOCAL_LIBRARY_DIR)/Frameworks";
				LD_RUNPATH_SEARCH_PATHS = "$(inherited) @executable_path/../Frameworks @loader_path/Frameworks";
				MACOSX_DEPLOYMENT_TARGET = 10.9;
				MTL_ENABLE_DEBUG_INFO = YES;
				ONLY_ACTIVE_ARCH = YES;
				PRODUCT_BUNDLE_IDENTIFIER = "no.hyper.$(PRODUCT_NAME:rfc1034identifier)";
				PRODUCT_NAME = Version;
				SDKROOT = macosx;
				SKIP_INSTALL = YES;
				SWIFT_OPTIMIZATION_LEVEL = "-Onone";
				VERSIONING_SYSTEM = "apple-generic";
				VERSION_INFO_PREFIX = "";
			};
			name = Debug;
		};
		03C70A4F1B24210C00609F81 /* Release */ = {
			isa = XCBuildConfiguration;
			buildSettings = {
				ALWAYS_SEARCH_USER_PATHS = NO;
				CLANG_CXX_LANGUAGE_STANDARD = "gnu++0x";
				CLANG_CXX_LIBRARY = "libc++";
				CLANG_ENABLE_MODULES = YES;
				CLANG_ENABLE_OBJC_ARC = YES;
				CLANG_WARN_BOOL_CONVERSION = YES;
				CLANG_WARN_CONSTANT_CONVERSION = YES;
				CLANG_WARN_DIRECT_OBJC_ISA_USAGE = YES_ERROR;
				CLANG_WARN_EMPTY_BODY = YES;
				CLANG_WARN_ENUM_CONVERSION = YES;
				CLANG_WARN_INT_CONVERSION = YES;
				CLANG_WARN_OBJC_ROOT_CLASS = YES_ERROR;
				CLANG_WARN_UNREACHABLE_CODE = YES;
				CLANG_WARN__DUPLICATE_METHOD_MATCH = YES;
				COMBINE_HIDPI_IMAGES = YES;
				COPY_PHASE_STRIP = NO;
				CURRENT_PROJECT_VERSION = 1;
				DEBUG_INFORMATION_FORMAT = "dwarf-with-dsym";
				DEFINES_MODULE = YES;
				DYLIB_COMPATIBILITY_VERSION = 1;
				DYLIB_CURRENT_VERSION = 1;
				DYLIB_INSTALL_NAME_BASE = "@rpath";
				ENABLE_NS_ASSERTIONS = NO;
				ENABLE_STRICT_OBJC_MSGSEND = YES;
				FRAMEWORK_VERSION = A;
				GCC_C_LANGUAGE_STANDARD = gnu99;
				GCC_NO_COMMON_BLOCKS = YES;
				GCC_WARN_64_TO_32_BIT_CONVERSION = YES;
				GCC_WARN_ABOUT_RETURN_TYPE = YES_ERROR;
				GCC_WARN_UNDECLARED_SELECTOR = YES;
				GCC_WARN_UNINITIALIZED_AUTOS = YES_AGGRESSIVE;
				GCC_WARN_UNUSED_FUNCTION = YES;
				GCC_WARN_UNUSED_VARIABLE = YES;
				INFOPLIST_FILE = Versions/Info.plist;
				INSTALL_PATH = "$(LOCAL_LIBRARY_DIR)/Frameworks";
				LD_RUNPATH_SEARCH_PATHS = "$(inherited) @executable_path/../Frameworks @loader_path/Frameworks";
				MACOSX_DEPLOYMENT_TARGET = 10.9;
				MTL_ENABLE_DEBUG_INFO = NO;
				PRODUCT_BUNDLE_IDENTIFIER = "no.hyper.$(PRODUCT_NAME:rfc1034identifier)";
				PRODUCT_NAME = Version;
				SDKROOT = macosx;
				SKIP_INSTALL = YES;
				VERSIONING_SYSTEM = "apple-generic";
				VERSION_INFO_PREFIX = "";
			};
			name = Release;
		};
		BD87D1BF1B0CD38B00244049 /* Debug */ = {
			isa = XCBuildConfiguration;
			buildSettings = {
				ALWAYS_SEARCH_USER_PATHS = NO;
				ASSETCATALOG_COMPILER_APPICON_NAME = AppIcon;
				CLANG_CXX_LANGUAGE_STANDARD = "gnu++0x";
				CLANG_CXX_LIBRARY = "libc++";
				CLANG_ENABLE_MODULES = YES;
				CLANG_ENABLE_OBJC_ARC = YES;
				CLANG_WARN_BOOL_CONVERSION = YES;
				CLANG_WARN_CONSTANT_CONVERSION = YES;
				CLANG_WARN_DIRECT_OBJC_ISA_USAGE = YES_ERROR;
				CLANG_WARN_EMPTY_BODY = YES;
				CLANG_WARN_ENUM_CONVERSION = YES;
				CLANG_WARN_INT_CONVERSION = YES;
				CLANG_WARN_OBJC_ROOT_CLASS = YES_ERROR;
				CLANG_WARN_UNREACHABLE_CODE = YES;
				CLANG_WARN__DUPLICATE_METHOD_MATCH = YES;
				"CODE_SIGN_IDENTITY[sdk=iphoneos*]" = "iPhone Developer";
				COPY_PHASE_STRIP = NO;
				DEBUG_INFORMATION_FORMAT = "dwarf-with-dsym";
				ENABLE_STRICT_OBJC_MSGSEND = YES;
				GCC_C_LANGUAGE_STANDARD = gnu99;
				GCC_DYNAMIC_NO_PIC = NO;
				GCC_NO_COMMON_BLOCKS = YES;
				GCC_OPTIMIZATION_LEVEL = 0;
				GCC_PREPROCESSOR_DEFINITIONS = (
					"DEBUG=1",
					"$(inherited)",
				);
				GCC_SYMBOLS_PRIVATE_EXTERN = NO;
				GCC_WARN_64_TO_32_BIT_CONVERSION = YES;
				GCC_WARN_ABOUT_RETURN_TYPE = YES_ERROR;
				GCC_WARN_UNDECLARED_SELECTOR = YES;
				GCC_WARN_UNINITIALIZED_AUTOS = YES_AGGRESSIVE;
				GCC_WARN_UNUSED_FUNCTION = YES;
				GCC_WARN_UNUSED_VARIABLE = YES;
				INFOPLIST_FILE = VersionsDemo/Info.plist;
				IPHONEOS_DEPLOYMENT_TARGET = 8.3;
				LD_RUNPATH_SEARCH_PATHS = "$(inherited) @executable_path/Frameworks";
				MTL_ENABLE_DEBUG_INFO = YES;
				ONLY_ACTIVE_ARCH = YES;
				PRODUCT_BUNDLE_IDENTIFIER = "no.hyper.$(PRODUCT_NAME:rfc1034identifier)";
				PRODUCT_NAME = "$(TARGET_NAME)";
				SDKROOT = iphoneos;
				SWIFT_OPTIMIZATION_LEVEL = "-Onone";
				SWIFT_VERSION = 5.0;
			};
			name = Debug;
		};
		BD87D1C01B0CD38B00244049 /* Release */ = {
			isa = XCBuildConfiguration;
			buildSettings = {
				ALWAYS_SEARCH_USER_PATHS = NO;
				ASSETCATALOG_COMPILER_APPICON_NAME = AppIcon;
				CLANG_CXX_LANGUAGE_STANDARD = "gnu++0x";
				CLANG_CXX_LIBRARY = "libc++";
				CLANG_ENABLE_MODULES = YES;
				CLANG_ENABLE_OBJC_ARC = YES;
				CLANG_WARN_BOOL_CONVERSION = YES;
				CLANG_WARN_CONSTANT_CONVERSION = YES;
				CLANG_WARN_DIRECT_OBJC_ISA_USAGE = YES_ERROR;
				CLANG_WARN_EMPTY_BODY = YES;
				CLANG_WARN_ENUM_CONVERSION = YES;
				CLANG_WARN_INT_CONVERSION = YES;
				CLANG_WARN_OBJC_ROOT_CLASS = YES_ERROR;
				CLANG_WARN_UNREACHABLE_CODE = YES;
				CLANG_WARN__DUPLICATE_METHOD_MATCH = YES;
				"CODE_SIGN_IDENTITY[sdk=iphoneos*]" = "iPhone Developer";
				COPY_PHASE_STRIP = NO;
				DEBUG_INFORMATION_FORMAT = "dwarf-with-dsym";
				ENABLE_NS_ASSERTIONS = NO;
				ENABLE_STRICT_OBJC_MSGSEND = YES;
				GCC_C_LANGUAGE_STANDARD = gnu99;
				GCC_NO_COMMON_BLOCKS = YES;
				GCC_WARN_64_TO_32_BIT_CONVERSION = YES;
				GCC_WARN_ABOUT_RETURN_TYPE = YES_ERROR;
				GCC_WARN_UNDECLARED_SELECTOR = YES;
				GCC_WARN_UNINITIALIZED_AUTOS = YES_AGGRESSIVE;
				GCC_WARN_UNUSED_FUNCTION = YES;
				GCC_WARN_UNUSED_VARIABLE = YES;
				INFOPLIST_FILE = VersionsDemo/Info.plist;
				IPHONEOS_DEPLOYMENT_TARGET = 8.3;
				LD_RUNPATH_SEARCH_PATHS = "$(inherited) @executable_path/Frameworks";
				MTL_ENABLE_DEBUG_INFO = NO;
				PRODUCT_BUNDLE_IDENTIFIER = "no.hyper.$(PRODUCT_NAME:rfc1034identifier)";
				PRODUCT_NAME = "$(TARGET_NAME)";
				SDKROOT = iphoneos;
				SWIFT_VERSION = 5.0;
				VALIDATE_PRODUCT = YES;
			};
			name = Release;
		};
		BD87D1C11B0CD38B00244049 /* Debug */ = {
			isa = XCBuildConfiguration;
			buildSettings = {
				ALWAYS_SEARCH_USER_PATHS = NO;
				BUNDLE_LOADER = "$(TEST_HOST)";
				CLANG_CXX_LANGUAGE_STANDARD = "gnu++0x";
				CLANG_CXX_LIBRARY = "libc++";
				CLANG_ENABLE_MODULES = YES;
				CLANG_ENABLE_OBJC_ARC = YES;
				CLANG_WARN_BOOL_CONVERSION = YES;
				CLANG_WARN_CONSTANT_CONVERSION = YES;
				CLANG_WARN_DIRECT_OBJC_ISA_USAGE = YES_ERROR;
				CLANG_WARN_EMPTY_BODY = YES;
				CLANG_WARN_ENUM_CONVERSION = YES;
				CLANG_WARN_INT_CONVERSION = YES;
				CLANG_WARN_OBJC_ROOT_CLASS = YES_ERROR;
				CLANG_WARN_UNREACHABLE_CODE = YES;
				CLANG_WARN__DUPLICATE_METHOD_MATCH = YES;
				COPY_PHASE_STRIP = NO;
				DEBUG_INFORMATION_FORMAT = "dwarf-with-dsym";
				ENABLE_STRICT_OBJC_MSGSEND = YES;
				FRAMEWORK_SEARCH_PATHS = (
					"$(SDKROOT)/Developer/Library/Frameworks",
					"$(inherited)",
				);
				GCC_C_LANGUAGE_STANDARD = gnu99;
				GCC_DYNAMIC_NO_PIC = NO;
				GCC_NO_COMMON_BLOCKS = YES;
				GCC_OPTIMIZATION_LEVEL = 0;
				GCC_PREPROCESSOR_DEFINITIONS = (
					"DEBUG=1",
					"$(inherited)",
				);
				GCC_SYMBOLS_PRIVATE_EXTERN = NO;
				GCC_WARN_64_TO_32_BIT_CONVERSION = YES;
				GCC_WARN_ABOUT_RETURN_TYPE = YES_ERROR;
				GCC_WARN_UNDECLARED_SELECTOR = YES;
				GCC_WARN_UNINITIALIZED_AUTOS = YES_AGGRESSIVE;
				GCC_WARN_UNUSED_FUNCTION = YES;
				GCC_WARN_UNUSED_VARIABLE = YES;
				INFOPLIST_FILE = VersionsDemoTests/Info.plist;
				IPHONEOS_DEPLOYMENT_TARGET = 8.3;
				LD_RUNPATH_SEARCH_PATHS = "$(inherited) @executable_path/Frameworks @loader_path/Frameworks";
				MTL_ENABLE_DEBUG_INFO = YES;
				ONLY_ACTIVE_ARCH = YES;
				PRODUCT_BUNDLE_IDENTIFIER = "no.hyper.$(PRODUCT_NAME:rfc1034identifier)";
				PRODUCT_NAME = "$(TARGET_NAME)";
				SDKROOT = iphoneos;
				SWIFT_VERSION = 5.0;
				TEST_HOST = "$(BUILT_PRODUCTS_DIR)/VersionsDemo.app/VersionsDemo";
			};
			name = Debug;
		};
		BD87D1C21B0CD38B00244049 /* Release */ = {
			isa = XCBuildConfiguration;
			buildSettings = {
				ALWAYS_SEARCH_USER_PATHS = NO;
				BUNDLE_LOADER = "$(TEST_HOST)";
				CLANG_CXX_LANGUAGE_STANDARD = "gnu++0x";
				CLANG_CXX_LIBRARY = "libc++";
				CLANG_ENABLE_MODULES = YES;
				CLANG_ENABLE_OBJC_ARC = YES;
				CLANG_WARN_BOOL_CONVERSION = YES;
				CLANG_WARN_CONSTANT_CONVERSION = YES;
				CLANG_WARN_DIRECT_OBJC_ISA_USAGE = YES_ERROR;
				CLANG_WARN_EMPTY_BODY = YES;
				CLANG_WARN_ENUM_CONVERSION = YES;
				CLANG_WARN_INT_CONVERSION = YES;
				CLANG_WARN_OBJC_ROOT_CLASS = YES_ERROR;
				CLANG_WARN_UNREACHABLE_CODE = YES;
				CLANG_WARN__DUPLICATE_METHOD_MATCH = YES;
				COPY_PHASE_STRIP = NO;
				DEBUG_INFORMATION_FORMAT = "dwarf-with-dsym";
				ENABLE_NS_ASSERTIONS = NO;
				ENABLE_STRICT_OBJC_MSGSEND = YES;
				FRAMEWORK_SEARCH_PATHS = (
					"$(SDKROOT)/Developer/Library/Frameworks",
					"$(inherited)",
				);
				GCC_C_LANGUAGE_STANDARD = gnu99;
				GCC_NO_COMMON_BLOCKS = YES;
				GCC_WARN_64_TO_32_BIT_CONVERSION = YES;
				GCC_WARN_ABOUT_RETURN_TYPE = YES_ERROR;
				GCC_WARN_UNDECLARED_SELECTOR = YES;
				GCC_WARN_UNINITIALIZED_AUTOS = YES_AGGRESSIVE;
				GCC_WARN_UNUSED_FUNCTION = YES;
				GCC_WARN_UNUSED_VARIABLE = YES;
				INFOPLIST_FILE = VersionsDemoTests/Info.plist;
				IPHONEOS_DEPLOYMENT_TARGET = 8.3;
				LD_RUNPATH_SEARCH_PATHS = "$(inherited) @executable_path/Frameworks @loader_path/Frameworks";
				MTL_ENABLE_DEBUG_INFO = NO;
				PRODUCT_BUNDLE_IDENTIFIER = "no.hyper.$(PRODUCT_NAME:rfc1034identifier)";
				PRODUCT_NAME = "$(TARGET_NAME)";
				SDKROOT = iphoneos;
				SWIFT_VERSION = 5.0;
				TEST_HOST = "$(BUILT_PRODUCTS_DIR)/VersionsDemo.app/VersionsDemo";
				VALIDATE_PRODUCT = YES;
			};
			name = Release;
		};
		BDD822511AA45FDD00E48CEF /* Debug */ = {
			isa = XCBuildConfiguration;
			buildSettings = {
				CLANG_ANALYZER_LOCALIZABILITY_NONLOCALIZED = YES;
				CLANG_WARN_BLOCK_CAPTURE_AUTORELEASING = YES;
				CLANG_WARN_BOOL_CONVERSION = YES;
				CLANG_WARN_COMMA = YES;
				CLANG_WARN_CONSTANT_CONVERSION = YES;
				CLANG_WARN_DEPRECATED_OBJC_IMPLEMENTATIONS = YES;
				CLANG_WARN_EMPTY_BODY = YES;
				CLANG_WARN_ENUM_CONVERSION = YES;
				CLANG_WARN_INFINITE_RECURSION = YES;
				CLANG_WARN_INT_CONVERSION = YES;
				CLANG_WARN_NON_LITERAL_NULL_CONVERSION = YES;
				CLANG_WARN_OBJC_IMPLICIT_RETAIN_SELF = YES;
				CLANG_WARN_OBJC_LITERAL_CONVERSION = YES;
				CLANG_WARN_RANGE_LOOP_ANALYSIS = YES;
				CLANG_WARN_STRICT_PROTOTYPES = YES;
				CLANG_WARN_SUSPICIOUS_MOVE = YES;
				CLANG_WARN_UNREACHABLE_CODE = YES;
				CLANG_WARN__DUPLICATE_METHOD_MATCH = YES;
				ENABLE_STRICT_OBJC_MSGSEND = YES;
				ENABLE_TESTABILITY = YES;
				GCC_NO_COMMON_BLOCKS = YES;
				GCC_WARN_64_TO_32_BIT_CONVERSION = YES;
				GCC_WARN_ABOUT_RETURN_TYPE = YES;
				GCC_WARN_UNDECLARED_SELECTOR = YES;
				GCC_WARN_UNINITIALIZED_AUTOS = YES;
				GCC_WARN_UNUSED_FUNCTION = YES;
				GCC_WARN_UNUSED_VARIABLE = YES;
				ONLY_ACTIVE_ARCH = YES;
				SWIFT_VERSION = 5.0;
			};
			name = Debug;
		};
		BDD822521AA45FDD00E48CEF /* Release */ = {
			isa = XCBuildConfiguration;
			buildSettings = {
				CLANG_ANALYZER_LOCALIZABILITY_NONLOCALIZED = YES;
				CLANG_WARN_BLOCK_CAPTURE_AUTORELEASING = YES;
				CLANG_WARN_BOOL_CONVERSION = YES;
				CLANG_WARN_COMMA = YES;
				CLANG_WARN_CONSTANT_CONVERSION = YES;
				CLANG_WARN_DEPRECATED_OBJC_IMPLEMENTATIONS = YES;
				CLANG_WARN_EMPTY_BODY = YES;
				CLANG_WARN_ENUM_CONVERSION = YES;
				CLANG_WARN_INFINITE_RECURSION = YES;
				CLANG_WARN_INT_CONVERSION = YES;
				CLANG_WARN_NON_LITERAL_NULL_CONVERSION = YES;
				CLANG_WARN_OBJC_IMPLICIT_RETAIN_SELF = YES;
				CLANG_WARN_OBJC_LITERAL_CONVERSION = YES;
				CLANG_WARN_RANGE_LOOP_ANALYSIS = YES;
				CLANG_WARN_STRICT_PROTOTYPES = YES;
				CLANG_WARN_SUSPICIOUS_MOVE = YES;
				CLANG_WARN_UNREACHABLE_CODE = YES;
				CLANG_WARN__DUPLICATE_METHOD_MATCH = YES;
				ENABLE_STRICT_OBJC_MSGSEND = YES;
				GCC_NO_COMMON_BLOCKS = YES;
				GCC_WARN_64_TO_32_BIT_CONVERSION = YES;
				GCC_WARN_ABOUT_RETURN_TYPE = YES;
				GCC_WARN_UNDECLARED_SELECTOR = YES;
				GCC_WARN_UNINITIALIZED_AUTOS = YES;
				GCC_WARN_UNUSED_FUNCTION = YES;
				GCC_WARN_UNUSED_VARIABLE = YES;
				SWIFT_OPTIMIZATION_LEVEL = "-Owholemodule";
				SWIFT_VERSION = 5.0;
			};
			name = Release;
		};
/* End XCBuildConfiguration section */

/* Begin XCConfigurationList section */
		03C709FC1B24205A00609F81 /* Build configuration list for PBXNativeTarget "Versions-iOS" */ = {
			isa = XCConfigurationList;
			buildConfigurations = (
				03C709F81B24205A00609F81 /* Debug */,
				03C709F91B24205A00609F81 /* Release */,
			);
			defaultConfigurationIsVisible = 0;
			defaultConfigurationName = Release;
		};
		03C70A4D1B24210C00609F81 /* Build configuration list for PBXNativeTarget "Versions-OSX" */ = {
			isa = XCConfigurationList;
			buildConfigurations = (
				03C70A4E1B24210C00609F81 /* Debug */,
				03C70A4F1B24210C00609F81 /* Release */,
			);
			defaultConfigurationIsVisible = 0;
			defaultConfigurationName = Release;
		};
		BD87D1C31B0CD38B00244049 /* Build configuration list for PBXNativeTarget "VersionsDemo" */ = {
			isa = XCConfigurationList;
			buildConfigurations = (
				BD87D1BF1B0CD38B00244049 /* Debug */,
				BD87D1C01B0CD38B00244049 /* Release */,
			);
			defaultConfigurationIsVisible = 0;
			defaultConfigurationName = Release;
		};
		BD87D1C41B0CD38B00244049 /* Build configuration list for PBXNativeTarget "VersionsDemoTests" */ = {
			isa = XCConfigurationList;
			buildConfigurations = (
				BD87D1C11B0CD38B00244049 /* Debug */,
				BD87D1C21B0CD38B00244049 /* Release */,
			);
			defaultConfigurationIsVisible = 0;
			defaultConfigurationName = Release;
		};
		BDD822501AA45FDD00E48CEF /* Build configuration list for PBXProject "Versions" */ = {
			isa = XCConfigurationList;
			buildConfigurations = (
				BDD822511AA45FDD00E48CEF /* Debug */,
				BDD822521AA45FDD00E48CEF /* Release */,
			);
			defaultConfigurationIsVisible = 0;
			defaultConfigurationName = Release;
		};
/* End XCConfigurationList section */
	};
	rootObject = BDD8224D1AA45FDD00E48CEF /* Project object */;
}
